
Microsoft Visual Studio Solution File, Format Version 12.00
# Visual Studio Version 17
VisualStudioVersion = 17.4.33205.214
MinimumVisualStudioVersion = 10.0.40219.1
Project("{FAE04EC0-301F-11D3-BF4B-00C04F79EFBC}") = "KostRentApp", "KostRentApp\KostRentApp.csproj", "{042AC727-43AF-4CE0-B3C6-2FBF3D5F40DF}"
EndProject
Global
	GlobalSection(SolutionConfigurationPlatforms) = preSolution
		Debug|Any CPU = Debug|Any CPU
		Release|Any CPU = Release|Any CPU
	EndGlobalSection
	GlobalSection(ProjectConfigurationPlatforms) = postSolution
		{042AC727-43AF-4CE0-B3C6-2FBF3D5F40DF}.Debug|Any CPU.ActiveCfg = Debug|Any CPU
		{042AC727-43AF-4CE0-B3C6-2FBF3D5F40DF}.Debug|Any CPU.Build.0 = Debug|Any CPU
		{042AC727-43AF-4CE0-B3C6-2FBF3D5F40DF}.Release|Any CPU.ActiveCfg = Release|Any CPU
		{042AC727-43AF-4CE0-B3C6-2FBF3D5F40DF}.Release|Any CPU.Build.0 = Release|Any CPU
	EndGlobalSection
	GlobalSection(SolutionProperties) = preSolution
		HideSolutionNode = FALSE
	EndGlobalSection
	GlobalSection(ExtensibilityGlobals) = postSolution
		SolutionGuid = {77E23606-F08C-481C-94BE-1B55AC1EDAA0}
	EndGlobalSection
EndGlobal
